dependencies:
- name: openshift-gitops-instance
  repository: https://charts.cloudnativetoolkit.dev/
  version: 0.7.0
- name: argocd-instance
  repository: https://charts.cloudnativetoolkit.dev/
  version: 0.3.1
digest: sha256:881c5adacaff28ee12aff865435d9b307bf6ec35901f408a48706390e6a5b266
generated: "2023-05-24T21:22:59.938167-05:00"
