dependencies:
- name: openshift-gitops-instance
  repository: https://charts.cloudnativetoolkit.dev/
  version: 0.7.0
- name: argocd-instance
  repository: https://charts.cloudnativetoolkit.dev/
  version: 0.3.0
digest: sha256:304fc77c5d9cc7b76cacd8c2572febd3098337c5fd754110904675518f406456
generated: "2023-05-24T17:37:12.674199-05:00"
