dependencies:
- name: openshift-gitops
  repository: https://charts.cloudnativetoolkit.dev/
  version: 0.3.0
- name: argocd-operator
  repository: https://charts.cloudnativetoolkit.dev/
  version: 0.3.2
digest: sha256:749341abb5b1e2163892131230842fdece340960bc992af1cc43d978ac2eeea7
generated: "2021-06-08T02:08:18.124409-05:00"
